
Microsoft Visual Studio Solution File, Format Version 12.00
# Visual Studio Version 17
VisualStudioVersion = 17.8.34511.84
MinimumVisualStudioVersion = 10.0.40219.1
Project("{FAE04EC0-301F-11D3-BF4B-00C04F79EFBC}") = "HomeTestV2", "HomeTestV2\HomeTestV2.csproj", "{F637DFF9-DEE7-4137-8778-31D002047550}"
EndProject
Global
	GlobalSection(SolutionConfigurationPlatforms) = preSolution
		Debug|Any CPU = Debug|Any CPU
		Release|Any CPU = Release|Any CPU
	EndGlobalSection
	GlobalSection(ProjectConfigurationPlatforms) = postSolution
		{F637DFF9-DEE7-4137-8778-31D002047550}.Debug|Any CPU.ActiveCfg = Debug|Any CPU
		{F637DFF9-DEE7-4137-8778-31D002047550}.Debug|Any CPU.Build.0 = Debug|Any CPU
		{F637DFF9-DEE7-4137-8778-31D002047550}.Release|Any CPU.ActiveCfg = Release|Any CPU
		{F637DFF9-DEE7-4137-8778-31D002047550}.Release|Any CPU.Build.0 = Release|Any CPU
	EndGlobalSection
	GlobalSection(SolutionProperties) = preSolution
		HideSolutionNode = FALSE
	EndGlobalSection
	GlobalSection(ExtensibilityGlobals) = postSolution
		SolutionGuid = {02AC4524-2722-484D-9E17-B84B10A338F8}
	EndGlobalSection
EndGlobal
